
Microsoft Visual Studio Solution File, Format Version 12.00
# Visual Studio Version 17
VisualStudioVersion = 17.7.34031.279
MinimumVisualStudioVersion = 10.0.40219.1
Project("{FAE04EC0-301F-11D3-BF4B-00C04F79EFBC}") = "cookie-stand-api", "cookie-stand-api\cookie-stand-api.csproj", "{C73FC33C-310C-4F71-BB05-B3FFB105F941}"
EndProject
Global
	GlobalSection(SolutionConfigurationPlatforms) = preSolution
		Debug|Any CPU = Debug|Any CPU
		Release|Any CPU = Release|Any CPU
	EndGlobalSection
	GlobalSection(ProjectConfigurationPlatforms) = postSolution
		{C73FC33C-310C-4F71-BB05-B3FFB105F941}.Debug|Any CPU.ActiveCfg = Debug|Any CPU
		{C73FC33C-310C-4F71-BB05-B3FFB105F941}.Debug|Any CPU.Build.0 = Debug|Any CPU
		{C73FC33C-310C-4F71-BB05-B3FFB105F941}.Release|Any CPU.ActiveCfg = Release|Any CPU
		{C73FC33C-310C-4F71-BB05-B3FFB105F941}.Release|Any CPU.Build.0 = Release|Any CPU
	EndGlobalSection
	GlobalSection(SolutionProperties) = preSolution
		HideSolutionNode = FALSE
	EndGlobalSection
	GlobalSection(ExtensibilityGlobals) = postSolution
		SolutionGuid = {CB27FCAB-0207-48D6-A482-51302E6D75E5}
	EndGlobalSection
EndGlobal
